// !$*UTF8*$!
{
	archiveVersion = 1;
	classes = {
	};
	objectVersion = 77;
	objects = {

/* Begin PBXBuildFile section */
		DD4BFCDB2D5D989F003A8045 /* CombineMoya in Frameworks */ = {isa = PBXBuildFile; productRef = DD4BFCDA2D5D989F003A8045 /* CombineMoya */; };
		DD4BFCDD2D5D989F003A8045 /* Moya in Frameworks */ = {isa = PBXBuildFile; productRef = DD4BFCDC2D5D989F003A8045 /* Moya */; };
		DD4BFCE62D5D98FF003A8045 /* AppDelegate.swift in Sources */ = {isa = PBXBuildFile; fileRef = DD4BFCDE2D5D98FF003A8045 /* AppDelegate.swift */; };
		DD4BFCE72D5D98FF003A8045 /* SceneDelegate.swift in Sources */ = {isa = PBXBuildFile; fileRef = DD4BFCE32D5D98FF003A8045 /* SceneDelegate.swift */; };
		DD4BFCE82D5D98FF003A8045 /* ViewController.swift in Sources */ = {isa = PBXBuildFile; fileRef = DD4BFCE42D5D98FF003A8045 /* ViewController.swift */; };
		DD4BFCE92D5D98FF003A8045 /* Assets.xcassets in Resources */ = {isa = PBXBuildFile; fileRef = DD4BFCDF2D5D98FF003A8045 /* Assets.xcassets */; };
		DD4BFCEB2D5D98FF003A8045 /* LaunchScreen.storyboard in Resources */ = {isa = PBXBuildFile; fileRef = DD4BFCE22D5D98FF003A8045 /* LaunchScreen.storyboard */; };
		DD6BD9C32D5D9B7000736D51 /* Conbine+.swift in Sources */ = {isa = PBXBuildFile; fileRef = DD6BD9C22D5D9B6C00736D51 /* Conbine+.swift */; };
		DD6BD9C52D5D9B8100736D51 /* TargetType.swift in Sources */ = {isa = PBXBuildFile; fileRef = DD6BD9C42D5D9B7A00736D51 /* TargetType.swift */; };
		DD6BD9C72D5D9B9900736D51 /* Mapper.swift in Sources */ = {isa = PBXBuildFile; fileRef = DD6BD9C62D5D9B9600736D51 /* Mapper.swift */; };
		DD6BD9C92D5D9BA800736D51 /* empty.swift in Sources */ = {isa = PBXBuildFile; fileRef = DD6BD9C82D5D9BA500736D51 /* empty.swift */; };
		DED2EE092D5DBEA500A9434B /* AnyPublisher+.swift in Sources */ = {isa = PBXBuildFile; fileRef = DED2EE082D5DBEA500A9434B /* AnyPublisher+.swift */; };
		DED2EE0B2D5DBEFD00A9434B /* CancelBag.swift in Sources */ = {isa = PBXBuildFile; fileRef = DED2EE0A2D5DBEFD00A9434B /* CancelBag.swift */; };
		DED2EE0D2D5DBF6500A9434B /* Publisher+.swift in Sources */ = {isa = PBXBuildFile; fileRef = DED2EE0C2D5DBF6500A9434B /* Publisher+.swift */; };
		DED2EE022D5DAFA600A9434B /* WableNetworkError.swift in Sources */ = {isa = PBXBuildFile; fileRef = DED2EE012D5DAFA600A9434B /* WableNetworkError.swift */; };
		DED2EE052D5DB41A00A9434B /* WableLogger.swift in Sources */ = {isa = PBXBuildFile; fileRef = DED2EE042D5DB41A00A9434B /* WableLogger.swift */; };
/* End PBXBuildFile section */

/* Begin PBXFileReference section */
		DD4BFCAC2D5D93AD003A8045 /* Wable-iOS.app */ = {isa = PBXFileReference; explicitFileType = wrapper.application; includeInIndex = 0; path = "Wable-iOS.app"; sourceTree = BUILT_PRODUCTS_DIR; };
		DD4BFCDE2D5D98FF003A8045 /* AppDelegate.swift */ = {isa = PBXFileReference; lastKnownFileType = sourcecode.swift; path = AppDelegate.swift; sourceTree = "<group>"; };
		DD4BFCDF2D5D98FF003A8045 /* Assets.xcassets */ = {isa = PBXFileReference; lastKnownFileType = folder.assetcatalog; path = Assets.xcassets; sourceTree = "<group>"; };
		DD4BFCE02D5D98FF003A8045 /* Info.plist */ = {isa = PBXFileReference; lastKnownFileType = text.plist.xml; path = Info.plist; sourceTree = "<group>"; };
		DD4BFCE12D5D98FF003A8045 /* Base */ = {isa = PBXFileReference; lastKnownFileType = file.storyboard; name = Base; path = Base.lproj/LaunchScreen.storyboard; sourceTree = "<group>"; };
		DD4BFCE32D5D98FF003A8045 /* SceneDelegate.swift */ = {isa = PBXFileReference; lastKnownFileType = sourcecode.swift; path = SceneDelegate.swift; sourceTree = "<group>"; };
		DD4BFCE42D5D98FF003A8045 /* ViewController.swift */ = {isa = PBXFileReference; lastKnownFileType = sourcecode.swift; path = ViewController.swift; sourceTree = "<group>"; };
		DD6BD9C22D5D9B6C00736D51 /* Conbine+.swift */ = {isa = PBXFileReference; lastKnownFileType = sourcecode.swift; path = "Conbine+.swift"; sourceTree = "<group>"; };
		DD6BD9C42D5D9B7A00736D51 /* TargetType.swift */ = {isa = PBXFileReference; lastKnownFileType = sourcecode.swift; path = TargetType.swift; sourceTree = "<group>"; };
		DD6BD9C62D5D9B9600736D51 /* Mapper.swift */ = {isa = PBXFileReference; lastKnownFileType = sourcecode.swift; path = Mapper.swift; sourceTree = "<group>"; };
		DD6BD9C82D5D9BA500736D51 /* empty.swift */ = {isa = PBXFileReference; lastKnownFileType = sourcecode.swift; path = empty.swift; sourceTree = "<group>"; };
		DED2EE082D5DBEA500A9434B /* AnyPublisher+.swift */ = {isa = PBXFileReference; lastKnownFileType = sourcecode.swift; path = "AnyPublisher+.swift"; sourceTree = "<group>"; };
		DED2EE0A2D5DBEFD00A9434B /* CancelBag.swift */ = {isa = PBXFileReference; lastKnownFileType = sourcecode.swift; path = CancelBag.swift; sourceTree = "<group>"; };
		DED2EE0C2D5DBF6500A9434B /* Publisher+.swift */ = {isa = PBXFileReference; lastKnownFileType = sourcecode.swift; path = "Publisher+.swift"; sourceTree = "<group>"; };
		DED2EE012D5DAFA600A9434B /* WableNetworkError.swift */ = {isa = PBXFileReference; lastKnownFileType = sourcecode.swift; path = WableNetworkError.swift; sourceTree = "<group>"; };
		DED2EE042D5DB41A00A9434B /* WableLogger.swift */ = {isa = PBXFileReference; lastKnownFileType = sourcecode.swift; path = WableLogger.swift; sourceTree = "<group>"; };
/* End PBXFileReference section */

/* Begin PBXFrameworksBuildPhase section */
		DD4BFCA92D5D93AD003A8045 /* Frameworks */ = {
			isa = PBXFrameworksBuildPhase;
			buildActionMask = 2147483647;
			files = (
				DD4BFCDD2D5D989F003A8045 /* Moya in Frameworks */,
				DD4BFCDB2D5D989F003A8045 /* CombineMoya in Frameworks */,
			);
			runOnlyForDeploymentPostprocessing = 0;
		};
/* End PBXFrameworksBuildPhase section */

/* Begin PBXGroup section */
		DD4BFCA32D5D93AD003A8045 = {
			isa = PBXGroup;
			children = (
				DD4BFCE52D5D98FF003A8045 /* Wable-iOS */,
				DD4BFCAD2D5D93AD003A8045 /* Products */,
			);
			sourceTree = "<group>";
		};
		DD4BFCAD2D5D93AD003A8045 /* Products */ = {
			isa = PBXGroup;
			children = (
				DD4BFCAC2D5D93AD003A8045 /* Wable-iOS.app */,
			);
			name = Products;
			sourceTree = "<group>";
		};
		DD4BFCE52D5D98FF003A8045 /* Wable-iOS */ = {
			isa = PBXGroup;
			children = (
				DD6BD9B92D5D9AD100736D51 /* Resource */,
				DD4BFCEC2D5D9A2B003A8045 /* App */,
				DD6BD9BA2D5D9B1A00736D51 /* Core */,
				DD6BD9BB2D5D9B1E00736D51 /* Infra */,
				DD6BD9BE2D5D9B2500736D51 /* Data */,
				DD6BD9C02D5D9B4900736D51 /* Domain */,
			);
			path = "Wable-iOS";
			sourceTree = "<group>";
		};
		DD4BFCEC2D5D9A2B003A8045 /* App */ = {
			isa = PBXGroup;
			children = (
				DD4BFCDE2D5D98FF003A8045 /* AppDelegate.swift */,
				DD4BFCE32D5D98FF003A8045 /* SceneDelegate.swift */,
			);
			path = App;
			sourceTree = "<group>";
		};
		DD6BD9B92D5D9AD100736D51 /* Resource */ = {
			isa = PBXGroup;
			children = (
				DD4BFCDF2D5D98FF003A8045 /* Assets.xcassets */,
				DD4BFCE02D5D98FF003A8045 /* Info.plist */,
				DD4BFCE22D5D98FF003A8045 /* LaunchScreen.storyboard */,
				DD4BFCE42D5D98FF003A8045 /* ViewController.swift */,
			);
			path = Resource;
			sourceTree = "<group>";
		};
		DD6BD9BA2D5D9B1A00736D51 /* Core */ = {
			isa = PBXGroup;
			children = (
				DED2EE072D5DBE8100A9434B /* Combine+ */,
				DED2EE032D5DB41100A9434B /* Logger */,
				DD6BD9C22D5D9B6C00736D51 /* Conbine+.swift */,
			);
			path = Core;
			sourceTree = "<group>";
		};
		DD6BD9BB2D5D9B1E00736D51 /* Infra */ = {
			isa = PBXGroup;
			children = (
				DED2EE002D5DAF9700A9434B /* Network */,
			);
			path = Infra;
			sourceTree = "<group>";
		};
		DD6BD9BE2D5D9B2500736D51 /* Data */ = {
			isa = PBXGroup;
			children = (
				DD6BD9C62D5D9B9600736D51 /* Mapper.swift */,
			);
			path = Data;
			sourceTree = "<group>";
		};
		DD6BD9C02D5D9B4900736D51 /* Domain */ = {
			isa = PBXGroup;
			children = (
				DD6BD9C82D5D9BA500736D51 /* empty.swift */,
			);
			path = Domain;
			sourceTree = "<group>";
		};
		DD6BD9CA2D5D9BB000736D51 /* TargetType */ = {
			isa = PBXGroup;
			children = (
				DD6BD9C42D5D9B7A00736D51 /* TargetType.swift */,
			);
			path = TargetType;
			sourceTree = "<group>";
		};
		DED2EE002D5DAF9700A9434B /* Network */ = {
			isa = PBXGroup;
			children = (
				DED2EE012D5DAFA600A9434B /* WableNetworkError.swift */,
				DD6BD9CA2D5D9BB000736D51 /* TargetType */,
			);
			path = Network;
			sourceTree = "<group>";
		};
		DED2EE032D5DB41100A9434B /* Logger */ = {
			isa = PBXGroup;
			children = (
				DED2EE042D5DB41A00A9434B /* WableLogger.swift */,
			);
			path = Logger;
			sourceTree = "<group>";
		};
		DED2EE072D5DBE8100A9434B /* Combine+ */ = {
			isa = PBXGroup;
			children = (
				DED2EE082D5DBEA500A9434B /* AnyPublisher+.swift */,
				DED2EE0A2D5DBEFD00A9434B /* CancelBag.swift */,
				DED2EE0C2D5DBF6500A9434B /* Publisher+.swift */,
			);
			path = "Combine+";
			sourceTree = "<group>";
		};
/* End PBXGroup section */

/* Begin PBXNativeTarget section */
		DD4BFCAB2D5D93AD003A8045 /* Wable-iOS */ = {
			isa = PBXNativeTarget;
			buildConfigurationList = DD4BFCBF2D5D93AD003A8045 /* Build configuration list for PBXNativeTarget "Wable-iOS" */;
			buildPhases = (
				DD4BFCA82D5D93AD003A8045 /* Sources */,
				DD4BFCA92D5D93AD003A8045 /* Frameworks */,
				DD4BFCAA2D5D93AD003A8045 /* Resources */,
			);
			buildRules = (
			);
			dependencies = (
			);
			name = "Wable-iOS";
			packageProductDependencies = (
				DD4BFCDA2D5D989F003A8045 /* CombineMoya */,
				DD4BFCDC2D5D989F003A8045 /* Moya */,
			);
			productName = "Wable-iOS";
			productReference = DD4BFCAC2D5D93AD003A8045 /* Wable-iOS.app */;
			productType = "com.apple.product-type.application";
		};
/* End PBXNativeTarget section */

/* Begin PBXProject section */
		DD4BFCA42D5D93AD003A8045 /* Project object */ = {
			isa = PBXProject;
			attributes = {
				BuildIndependentTargetsInParallel = 1;
				LastSwiftUpdateCheck = 1610;
				LastUpgradeCheck = 1610;
				TargetAttributes = {
					DD4BFCAB2D5D93AD003A8045 = {
						CreatedOnToolsVersion = 16.1;
					};
				};
			};
			buildConfigurationList = DD4BFCA72D5D93AD003A8045 /* Build configuration list for PBXProject "Wable-iOS" */;
			developmentRegion = en;
			hasScannedForEncodings = 0;
			knownRegions = (
				en,
				Base,
			);
			mainGroup = DD4BFCA32D5D93AD003A8045;
			minimizedProjectReferenceProxies = 1;
			packageReferences = (
				DD4BFCD92D5D989F003A8045 /* XCRemoteSwiftPackageReference "Moya" */,
			);
			preferredProjectObjectVersion = 77;
			productRefGroup = DD4BFCAD2D5D93AD003A8045 /* Products */;
			projectDirPath = "";
			projectRoot = "";
			targets = (
				DD4BFCAB2D5D93AD003A8045 /* Wable-iOS */,
			);
		};
/* End PBXProject section */

/* Begin PBXResourcesBuildPhase section */
		DD4BFCAA2D5D93AD003A8045 /* Resources */ = {
			isa = PBXResourcesBuildPhase;
			buildActionMask = 2147483647;
			files = (
				DD4BFCE92D5D98FF003A8045 /* Assets.xcassets in Resources */,
				DD4BFCEB2D5D98FF003A8045 /* LaunchScreen.storyboard in Resources */,
			);
			runOnlyForDeploymentPostprocessing = 0;
		};
/* End PBXResourcesBuildPhase section */

/* Begin PBXSourcesBuildPhase section */
		DD4BFCA82D5D93AD003A8045 /* Sources */ = {
			isa = PBXSourcesBuildPhase;
			buildActionMask = 2147483647;
			files = (
				DED2EE0D2D5DBF6500A9434B /* Publisher+.swift in Sources */,
				DED2EE052D5DB41A00A9434B /* WableLogger.swift in Sources */,
				DD6BD9C52D5D9B8100736D51 /* TargetType.swift in Sources */,
				DED2EE022D5DAFA600A9434B /* WableNetworkError.swift in Sources */,
				DD6BD9C92D5D9BA800736D51 /* empty.swift in Sources */,
				DD4BFCE62D5D98FF003A8045 /* AppDelegate.swift in Sources */,
				DD4BFCE72D5D98FF003A8045 /* SceneDelegate.swift in Sources */,
				DD6BD9C32D5D9B7000736D51 /* Conbine+.swift in Sources */,
				DED2EE0B2D5DBEFD00A9434B /* CancelBag.swift in Sources */,
				DD6BD9C72D5D9B9900736D51 /* Mapper.swift in Sources */,
				DD4BFCE82D5D98FF003A8045 /* ViewController.swift in Sources */,
				DED2EE092D5DBEA500A9434B /* AnyPublisher+.swift in Sources */,
			);
			runOnlyForDeploymentPostprocessing = 0;
		};
/* End PBXSourcesBuildPhase section */

/* Begin PBXVariantGroup section */
		DD4BFCE22D5D98FF003A8045 /* LaunchScreen.storyboard */ = {
			isa = PBXVariantGroup;
			children = (
				DD4BFCE12D5D98FF003A8045 /* Base */,
			);
			name = LaunchScreen.storyboard;
			sourceTree = "<group>";
		};
/* End PBXVariantGroup section */

/* Begin XCBuildConfiguration section */
		DD4BFCC02D5D93AD003A8045 /* Debug */ = {
			isa = XCBuildConfiguration;
			buildSettings = {
				ASSETCATALOG_COMPILER_APPICON_NAME = AppIcon;
				ASSETCATALOG_COMPILER_GLOBAL_ACCENT_COLOR_NAME = AccentColor;
				CODE_SIGN_STYLE = Automatic;
				CURRENT_PROJECT_VERSION = 1;
				DEVELOPMENT_TEAM = "";
				GENERATE_INFOPLIST_FILE = YES;
				INFOPLIST_FILE = "Wable-iOS/Resource/Info.plist";
				INFOPLIST_KEY_CFBundleDisplayName = "와블";
				INFOPLIST_KEY_UIApplicationSupportsIndirectInputEvents = YES;
				INFOPLIST_KEY_UILaunchStoryboardName = LaunchScreen;
				INFOPLIST_KEY_UISupportedInterfaceOrientations = UIInterfaceOrientationPortrait;
				IPHONEOS_DEPLOYMENT_TARGET = 15.0;
				LD_RUNPATH_SEARCH_PATHS = (
					"$(inherited)",
					"@executable_path/Frameworks",
				);
				MARKETING_VERSION = 1.0;
				PRODUCT_BUNDLE_IDENTIFIER = "com.youz2me.Wable-iOS";
				PRODUCT_NAME = "$(TARGET_NAME)";
				SWIFT_EMIT_LOC_STRINGS = YES;
				SWIFT_VERSION = 5.0;
				TARGETED_DEVICE_FAMILY = "1,2";
			};
			name = Debug;
		};
		DD4BFCC12D5D93AD003A8045 /* Release */ = {
			isa = XCBuildConfiguration;
			buildSettings = {
				ASSETCATALOG_COMPILER_APPICON_NAME = AppIcon;
				ASSETCATALOG_COMPILER_GLOBAL_ACCENT_COLOR_NAME = AccentColor;
				CODE_SIGN_STYLE = Automatic;
				CURRENT_PROJECT_VERSION = 1;
				DEVELOPMENT_TEAM = "";
				GENERATE_INFOPLIST_FILE = YES;
				INFOPLIST_FILE = "Wable-iOS/Resource/Info.plist";
				INFOPLIST_KEY_CFBundleDisplayName = "와블";
				INFOPLIST_KEY_UIApplicationSupportsIndirectInputEvents = YES;
				INFOPLIST_KEY_UILaunchStoryboardName = LaunchScreen;
				INFOPLIST_KEY_UISupportedInterfaceOrientations = UIInterfaceOrientationPortrait;
				IPHONEOS_DEPLOYMENT_TARGET = 15.0;
				LD_RUNPATH_SEARCH_PATHS = (
					"$(inherited)",
					"@executable_path/Frameworks",
				);
				MARKETING_VERSION = 1.0;
				PRODUCT_BUNDLE_IDENTIFIER = "com.youz2me.Wable-iOS";
				PRODUCT_NAME = "$(TARGET_NAME)";
				SWIFT_EMIT_LOC_STRINGS = YES;
				SWIFT_VERSION = 5.0;
				TARGETED_DEVICE_FAMILY = "1,2";
			};
			name = Release;
		};
		DD4BFCC22D5D93AD003A8045 /* Debug */ = {
			isa = XCBuildConfiguration;
			buildSettings = {
				ALWAYS_SEARCH_USER_PATHS = NO;
				ASSETCATALOG_COMPILER_GENERATE_SWIFT_ASSET_SYMBOL_EXTENSIONS = YES;
				CLANG_ANALYZER_NONNULL = YES;
				CLANG_ANALYZER_NUMBER_OBJECT_CONVERSION = YES_AGGRESSIVE;
				CLANG_CXX_LANGUAGE_STANDARD = "gnu++20";
				CLANG_ENABLE_MODULES = YES;
				CLANG_ENABLE_OBJC_ARC = YES;
				CLANG_ENABLE_OBJC_WEAK = YES;
				CLANG_WARN_BLOCK_CAPTURE_AUTORELEASING = YES;
				CLANG_WARN_BOOL_CONVERSION = YES;
				CLANG_WARN_COMMA = YES;
				CLANG_WARN_CONSTANT_CONVERSION = YES;
				CLANG_WARN_DEPRECATED_OBJC_IMPLEMENTATIONS = YES;
				CLANG_WARN_DIRECT_OBJC_ISA_USAGE = YES_ERROR;
				CLANG_WARN_DOCUMENTATION_COMMENTS = YES;
				CLANG_WARN_EMPTY_BODY = YES;
				CLANG_WARN_ENUM_CONVERSION = YES;
				CLANG_WARN_INFINITE_RECURSION = YES;
				CLANG_WARN_INT_CONVERSION = YES;
				CLANG_WARN_NON_LITERAL_NULL_CONVERSION = YES;
				CLANG_WARN_OBJC_IMPLICIT_RETAIN_SELF = YES;
				CLANG_WARN_OBJC_LITERAL_CONVERSION = YES;
				CLANG_WARN_OBJC_ROOT_CLASS = YES_ERROR;
				CLANG_WARN_QUOTED_INCLUDE_IN_FRAMEWORK_HEADER = YES;
				CLANG_WARN_RANGE_LOOP_ANALYSIS = YES;
				CLANG_WARN_STRICT_PROTOTYPES = YES;
				CLANG_WARN_SUSPICIOUS_MOVE = YES;
				CLANG_WARN_UNGUARDED_AVAILABILITY = YES_AGGRESSIVE;
				CLANG_WARN_UNREACHABLE_CODE = YES;
				CLANG_WARN__DUPLICATE_METHOD_MATCH = YES;
				COPY_PHASE_STRIP = NO;
				DEBUG_INFORMATION_FORMAT = dwarf;
				ENABLE_STRICT_OBJC_MSGSEND = YES;
				ENABLE_TESTABILITY = YES;
				ENABLE_USER_SCRIPT_SANDBOXING = YES;
				GCC_C_LANGUAGE_STANDARD = gnu17;
				GCC_DYNAMIC_NO_PIC = NO;
				GCC_NO_COMMON_BLOCKS = YES;
				GCC_OPTIMIZATION_LEVEL = 0;
				GCC_PREPROCESSOR_DEFINITIONS = (
					"DEBUG=1",
					"$(inherited)",
				);
				GCC_WARN_64_TO_32_BIT_CONVERSION = YES;
				GCC_WARN_ABOUT_RETURN_TYPE = YES_ERROR;
				GCC_WARN_UNDECLARED_SELECTOR = YES;
				GCC_WARN_UNINITIALIZED_AUTOS = YES_AGGRESSIVE;
				GCC_WARN_UNUSED_FUNCTION = YES;
				GCC_WARN_UNUSED_VARIABLE = YES;
				IPHONEOS_DEPLOYMENT_TARGET = 18.1;
				LOCALIZATION_PREFERS_STRING_CATALOGS = YES;
				MTL_ENABLE_DEBUG_INFO = INCLUDE_SOURCE;
				MTL_FAST_MATH = YES;
				ONLY_ACTIVE_ARCH = YES;
				SDKROOT = iphoneos;
				SWIFT_ACTIVE_COMPILATION_CONDITIONS = "DEBUG $(inherited)";
				SWIFT_OPTIMIZATION_LEVEL = "-Onone";
			};
			name = Debug;
		};
		DD4BFCC32D5D93AD003A8045 /* Release */ = {
			isa = XCBuildConfiguration;
			buildSettings = {
				ALWAYS_SEARCH_USER_PATHS = NO;
				ASSETCATALOG_COMPILER_GENERATE_SWIFT_ASSET_SYMBOL_EXTENSIONS = YES;
				CLANG_ANALYZER_NONNULL = YES;
				CLANG_ANALYZER_NUMBER_OBJECT_CONVERSION = YES_AGGRESSIVE;
				CLANG_CXX_LANGUAGE_STANDARD = "gnu++20";
				CLANG_ENABLE_MODULES = YES;
				CLANG_ENABLE_OBJC_ARC = YES;
				CLANG_ENABLE_OBJC_WEAK = YES;
				CLANG_WARN_BLOCK_CAPTURE_AUTORELEASING = YES;
				CLANG_WARN_BOOL_CONVERSION = YES;
				CLANG_WARN_COMMA = YES;
				CLANG_WARN_CONSTANT_CONVERSION = YES;
				CLANG_WARN_DEPRECATED_OBJC_IMPLEMENTATIONS = YES;
				CLANG_WARN_DIRECT_OBJC_ISA_USAGE = YES_ERROR;
				CLANG_WARN_DOCUMENTATION_COMMENTS = YES;
				CLANG_WARN_EMPTY_BODY = YES;
				CLANG_WARN_ENUM_CONVERSION = YES;
				CLANG_WARN_INFINITE_RECURSION = YES;
				CLANG_WARN_INT_CONVERSION = YES;
				CLANG_WARN_NON_LITERAL_NULL_CONVERSION = YES;
				CLANG_WARN_OBJC_IMPLICIT_RETAIN_SELF = YES;
				CLANG_WARN_OBJC_LITERAL_CONVERSION = YES;
				CLANG_WARN_OBJC_ROOT_CLASS = YES_ERROR;
				CLANG_WARN_QUOTED_INCLUDE_IN_FRAMEWORK_HEADER = YES;
				CLANG_WARN_RANGE_LOOP_ANALYSIS = YES;
				CLANG_WARN_STRICT_PROTOTYPES = YES;
				CLANG_WARN_SUSPICIOUS_MOVE = YES;
				CLANG_WARN_UNGUARDED_AVAILABILITY = YES_AGGRESSIVE;
				CLANG_WARN_UNREACHABLE_CODE = YES;
				CLANG_WARN__DUPLICATE_METHOD_MATCH = YES;
				COPY_PHASE_STRIP = NO;
				DEBUG_INFORMATION_FORMAT = "dwarf-with-dsym";
				ENABLE_NS_ASSERTIONS = NO;
				ENABLE_STRICT_OBJC_MSGSEND = YES;
				ENABLE_USER_SCRIPT_SANDBOXING = YES;
				GCC_C_LANGUAGE_STANDARD = gnu17;
				GCC_NO_COMMON_BLOCKS = YES;
				GCC_WARN_64_TO_32_BIT_CONVERSION = YES;
				GCC_WARN_ABOUT_RETURN_TYPE = YES_ERROR;
				GCC_WARN_UNDECLARED_SELECTOR = YES;
				GCC_WARN_UNINITIALIZED_AUTOS = YES_AGGRESSIVE;
				GCC_WARN_UNUSED_FUNCTION = YES;
				GCC_WARN_UNUSED_VARIABLE = YES;
				IPHONEOS_DEPLOYMENT_TARGET = 18.1;
				LOCALIZATION_PREFERS_STRING_CATALOGS = YES;
				MTL_ENABLE_DEBUG_INFO = NO;
				MTL_FAST_MATH = YES;
				SDKROOT = iphoneos;
				SWIFT_COMPILATION_MODE = wholemodule;
				VALIDATE_PRODUCT = YES;
			};
			name = Release;
		};
/* End XCBuildConfiguration section */

/* Begin XCConfigurationList section */
		DD4BFCA72D5D93AD003A8045 /* Build configuration list for PBXProject "Wable-iOS" */ = {
			isa = XCConfigurationList;
			buildConfigurations = (
				DD4BFCC22D5D93AD003A8045 /* Debug */,
				DD4BFCC32D5D93AD003A8045 /* Release */,
			);
			defaultConfigurationIsVisible = 0;
			defaultConfigurationName = Release;
		};
		DD4BFCBF2D5D93AD003A8045 /* Build configuration list for PBXNativeTarget "Wable-iOS" */ = {
			isa = XCConfigurationList;
			buildConfigurations = (
				DD4BFCC02D5D93AD003A8045 /* Debug */,
				DD4BFCC12D5D93AD003A8045 /* Release */,
			);
			defaultConfigurationIsVisible = 0;
			defaultConfigurationName = Release;
		};
/* End XCConfigurationList section */

/* Begin XCRemoteSwiftPackageReference section */
		DD4BFCD92D5D989F003A8045 /* XCRemoteSwiftPackageReference "Moya" */ = {
			isa = XCRemoteSwiftPackageReference;
			repositoryURL = "https://github.com/Moya/Moya";
			requirement = {
				kind = upToNextMajorVersion;
				minimumVersion = 15.0.3;
			};
		};
/* End XCRemoteSwiftPackageReference section */

/* Begin XCSwiftPackageProductDependency section */
		DD4BFCDA2D5D989F003A8045 /* CombineMoya */ = {
			isa = XCSwiftPackageProductDependency;
			package = DD4BFCD92D5D989F003A8045 /* XCRemoteSwiftPackageReference "Moya" */;
			productName = CombineMoya;
		};
		DD4BFCDC2D5D989F003A8045 /* Moya */ = {
			isa = XCSwiftPackageProductDependency;
			package = DD4BFCD92D5D989F003A8045 /* XCRemoteSwiftPackageReference "Moya" */;
			productName = Moya;
		};
/* End XCSwiftPackageProductDependency section */
	};
	rootObject = DD4BFCA42D5D93AD003A8045 /* Project object */;
}
